// !$*UTF8*$!
{
	archiveVersion = 1;
	classes = {
	};
	objectVersion = 52;
	objects = {

/* Begin PBXBuildFile section */
		DD3DD2A826667B9B00BAC900 /* Scenes.h in Headers */ = {isa = PBXBuildFile; fileRef = DD3DD2A626667B9B00BAC900 /* Scenes.h */; settings = {ATTRIBUTES = (Public, ); }; };
		DD3DD2E2266683F100BAC900 /* Drawable.swift in Sources */ = {isa = PBXBuildFile; fileRef = DD3DD2E1266683F100BAC900 /* Drawable.swift */; };
		DD3DD2E6266684B700BAC900 /* Coordinator.swift in Sources */ = {isa = PBXBuildFile; fileRef = DD3DD2E5266684B700BAC900 /* Coordinator.swift */; };
		DD3DD2ED2666864300BAC900 /* AppCoordinator.swift in Sources */ = {isa = PBXBuildFile; fileRef = DD3DD2EC2666864300BAC900 /* AppCoordinator.swift */; };
		DD3DD2FF2666911E00BAC900 /* UIView+Constraints.swift in Sources */ = {isa = PBXBuildFile; fileRef = DD3DD2FE2666911E00BAC900 /* UIView+Constraints.swift */; };
		DD3DD303266691A000BAC900 /* URL.swift in Sources */ = {isa = PBXBuildFile; fileRef = DD3DD302266691A000BAC900 /* URL.swift */; };
		DDC31D8D2667FBDF004F88A2 /* Dispatcher.swift in Sources */ = {isa = PBXBuildFile; fileRef = DDC31D8C2667FBDF004F88A2 /* Dispatcher.swift */; };
		DDC31D912667FC95004F88A2 /* LocalizedString.swift in Sources */ = {isa = PBXBuildFile; fileRef = DDC31D902667FC95004F88A2 /* LocalizedString.swift */; };
		DDC31D962667FDB0004F88A2 /* PresenterProtocol.swift in Sources */ = {isa = PBXBuildFile; fileRef = DDC31D952667FDB0004F88A2 /* PresenterProtocol.swift */; };
		DDC31D992667FDD5004F88A2 /* InteractorProtocol.swift in Sources */ = {isa = PBXBuildFile; fileRef = DDC31D982667FDD5004F88A2 /* InteractorProtocol.swift */; };
		DDC31D9D2667FE73004F88A2 /* ViewProtocol.swift in Sources */ = {isa = PBXBuildFile; fileRef = DDC31D9C2667FE73004F88A2 /* ViewProtocol.swift */; };
		DDC31DAF26680138004F88A2 /* Metrics.swift in Sources */ = {isa = PBXBuildFile; fileRef = DDC31DAE26680138004F88A2 /* Metrics.swift */; };
		DDC31DB6266803B8004F88A2 /* RxSwift in Frameworks */ = {isa = PBXBuildFile; productRef = DDC31DB5266803B8004F88A2 /* RxSwift */; };
		DDC31DB8266803B8004F88A2 /* RxCocoa in Frameworks */ = {isa = PBXBuildFile; productRef = DDC31DB7266803B8004F88A2 /* RxCocoa */; };
		DDC31DC0266805DB004F88A2 /* LoginViewController.swift in Sources */ = {isa = PBXBuildFile; fileRef = DDC31DBF266805DB004F88A2 /* LoginViewController.swift */; };
		DDC31DC526680651004F88A2 /* LoginView.swift in Sources */ = {isa = PBXBuildFile; fileRef = DDC31DC426680651004F88A2 /* LoginView.swift */; };
		DDC31DC9266806C7004F88A2 /* LoginPresenter.swift in Sources */ = {isa = PBXBuildFile; fileRef = DDC31DC8266806C7004F88A2 /* LoginPresenter.swift */; };
		DDC31DCC266806EF004F88A2 /* LoginInteractor.swift in Sources */ = {isa = PBXBuildFile; fileRef = DDC31DCB266806EF004F88A2 /* LoginInteractor.swift */; };
		DDC31DD426680743004F88A2 /* Model.framework in Frameworks */ = {isa = PBXBuildFile; fileRef = DDC31DD326680743004F88A2 /* Model.framework */; };
		DDC31DD526680743004F88A2 /* Model.framework in Embed Frameworks */ = {isa = PBXBuildFile; fileRef = DDC31DD326680743004F88A2 /* Model.framework */; settings = {ATTRIBUTES = (CodeSignOnCopy, RemoveHeadersOnCopy, ); }; };
/* End PBXBuildFile section */

/* Begin PBXCopyFilesBuildPhase section */
		DDC31DD626680743004F88A2 /* Embed Frameworks */ = {
			isa = PBXCopyFilesBuildPhase;
			buildActionMask = 2147483647;
			dstPath = "";
			dstSubfolderSpec = 10;
			files = (
				DDC31DD526680743004F88A2 /* Model.framework in Embed Frameworks */,
			);
			name = "Embed Frameworks";
			runOnlyForDeploymentPostprocessing = 0;
		};
/* End PBXCopyFilesBuildPhase section */

/* Begin PBXFileReference section */
		DD3DD2A326667B9B00BAC900 /* Scenes.framework */ = {isa = PBXFileReference; explicitFileType = wrapper.framework; includeInIndex = 0; path = Scenes.framework; sourceTree = BUILT_PRODUCTS_DIR; };
		DD3DD2A626667B9B00BAC900 /* Scenes.h */ = {isa = PBXFileReference; lastKnownFileType = sourcecode.c.h; path = Scenes.h; sourceTree = "<group>"; };
		DD3DD2A726667B9B00BAC900 /* Info.plist */ = {isa = PBXFileReference; lastKnownFileType = text.plist.xml; path = Info.plist; sourceTree = "<group>"; };
		DD3DD2E1266683F100BAC900 /* Drawable.swift */ = {isa = PBXFileReference; lastKnownFileType = sourcecode.swift; path = Drawable.swift; sourceTree = "<group>"; };
		DD3DD2E5266684B700BAC900 /* Coordinator.swift */ = {isa = PBXFileReference; lastKnownFileType = sourcecode.swift; path = Coordinator.swift; sourceTree = "<group>"; };
		DD3DD2EC2666864300BAC900 /* AppCoordinator.swift */ = {isa = PBXFileReference; lastKnownFileType = sourcecode.swift; path = AppCoordinator.swift; sourceTree = "<group>"; };
		DD3DD2FE2666911E00BAC900 /* UIView+Constraints.swift */ = {isa = PBXFileReference; lastKnownFileType = sourcecode.swift; path = "UIView+Constraints.swift"; sourceTree = "<group>"; };
		DD3DD302266691A000BAC900 /* URL.swift */ = {isa = PBXFileReference; lastKnownFileType = sourcecode.swift; path = URL.swift; sourceTree = "<group>"; };
		DDC31D8C2667FBDF004F88A2 /* Dispatcher.swift */ = {isa = PBXFileReference; lastKnownFileType = sourcecode.swift; path = Dispatcher.swift; sourceTree = "<group>"; };
		DDC31D902667FC95004F88A2 /* LocalizedString.swift */ = {isa = PBXFileReference; lastKnownFileType = sourcecode.swift; path = LocalizedString.swift; sourceTree = "<group>"; };
		DDC31D952667FDB0004F88A2 /* PresenterProtocol.swift */ = {isa = PBXFileReference; lastKnownFileType = sourcecode.swift; path = PresenterProtocol.swift; sourceTree = "<group>"; };
		DDC31D982667FDD5004F88A2 /* InteractorProtocol.swift */ = {isa = PBXFileReference; lastKnownFileType = sourcecode.swift; path = InteractorProtocol.swift; sourceTree = "<group>"; };
		DDC31D9C2667FE73004F88A2 /* ViewProtocol.swift */ = {isa = PBXFileReference; lastKnownFileType = sourcecode.swift; path = ViewProtocol.swift; sourceTree = "<group>"; };
		DDC31DAE26680138004F88A2 /* Metrics.swift */ = {isa = PBXFileReference; lastKnownFileType = sourcecode.swift; path = Metrics.swift; sourceTree = "<group>"; };
		DDC31DBF266805DB004F88A2 /* LoginViewController.swift */ = {isa = PBXFileReference; lastKnownFileType = sourcecode.swift; path = LoginViewController.swift; sourceTree = "<group>"; };
		DDC31DC426680651004F88A2 /* LoginView.swift */ = {isa = PBXFileReference; lastKnownFileType = sourcecode.swift; path = LoginView.swift; sourceTree = "<group>"; };
		DDC31DC8266806C7004F88A2 /* LoginPresenter.swift */ = {isa = PBXFileReference; lastKnownFileType = sourcecode.swift; path = LoginPresenter.swift; sourceTree = "<group>"; };
		DDC31DCB266806EF004F88A2 /* LoginInteractor.swift */ = {isa = PBXFileReference; lastKnownFileType = sourcecode.swift; path = LoginInteractor.swift; sourceTree = "<group>"; };
		DDC31DD326680743004F88A2 /* Model.framework */ = {isa = PBXFileReference; explicitFileType = wrapper.framework; path = Model.framework; sourceTree = BUILT_PRODUCTS_DIR; };
/* End PBXFileReference section */

/* Begin PBXFrameworksBuildPhase section */
		DD3DD2A026667B9B00BAC900 /* Frameworks */ = {
			isa = PBXFrameworksBuildPhase;
			buildActionMask = 2147483647;
			files = (
				DDC31DB8266803B8004F88A2 /* RxCocoa in Frameworks */,
				DDC31DD426680743004F88A2 /* Model.framework in Frameworks */,
				DDC31DB6266803B8004F88A2 /* RxSwift in Frameworks */,
			);
			runOnlyForDeploymentPostprocessing = 0;
		};
/* End PBXFrameworksBuildPhase section */

/* Begin PBXGroup section */
		DD3DD29926667B9B00BAC900 = {
			isa = PBXGroup;
			children = (
				DD3DD2A526667B9B00BAC900 /* Scenes */,
				DD3DD2A426667B9B00BAC900 /* Products */,
				DDC31DD226680743004F88A2 /* Frameworks */,
			);
			sourceTree = "<group>";
		};
		DD3DD2A426667B9B00BAC900 /* Products */ = {
			isa = PBXGroup;
			children = (
				DD3DD2A326667B9B00BAC900 /* Scenes.framework */,
			);
			name = Products;
			sourceTree = "<group>";
		};
		DD3DD2A526667B9B00BAC900 /* Scenes */ = {
			isa = PBXGroup;
			children = (
				DDC31DBD266805C2004F88A2 /* Login */,
				DDC31DBE266805C6004F88A2 /* Resources */,
				DD3DD2BC26667CBE00BAC900 /* Metadata */,
			);
			path = Scenes;
			sourceTree = "<group>";
		};
		DD3DD2BC26667CBE00BAC900 /* Metadata */ = {
			isa = PBXGroup;
			children = (
				DD3DD2A626667B9B00BAC900 /* Scenes.h */,
				DD3DD2A726667B9B00BAC900 /* Info.plist */,
			);
			path = Metadata;
			sourceTree = "<group>";
		};
		DD3DD2E42666847D00BAC900 /* Protocols */ = {
			isa = PBXGroup;
			children = (
				DD3DD2E1266683F100BAC900 /* Drawable.swift */,
				DD3DD2E5266684B700BAC900 /* Coordinator.swift */,
			);
			path = Protocols;
			sourceTree = "<group>";
		};
		DD3DD2FD2666910400BAC900 /* Extensions */ = {
			isa = PBXGroup;
			children = (
				DD3DD302266691A000BAC900 /* URL.swift */,
				DD3DD2FE2666911E00BAC900 /* UIView+Constraints.swift */,
			);
			path = Extensions;
			sourceTree = "<group>";
		};
		DDC31D8F2667FC84004F88A2 /* Utils */ = {
			isa = PBXGroup;
			children = (
				DDC31DAE26680138004F88A2 /* Metrics.swift */,
				DDC31D8C2667FBDF004F88A2 /* Dispatcher.swift */,
				DDC31D902667FC95004F88A2 /* LocalizedString.swift */,
			);
			path = Utils;
			sourceTree = "<group>";
		};
		DDC31D942667FD70004F88A2 /* VIPER */ = {
			isa = PBXGroup;
			children = (
				DDC31D9C2667FE73004F88A2 /* ViewProtocol.swift */,
				DDC31D982667FDD5004F88A2 /* InteractorProtocol.swift */,
				DDC31D952667FDB0004F88A2 /* PresenterProtocol.swift */,
			);
			path = VIPER;
			sourceTree = "<group>";
		};
		DDC31DBD266805C2004F88A2 /* Login */ = {
			isa = PBXGroup;
			children = (
				DDC31DBF266805DB004F88A2 /* LoginViewController.swift */,
				DDC31DC426680651004F88A2 /* LoginView.swift */,
				DDC31DC8266806C7004F88A2 /* LoginPresenter.swift */,
				DDC31DCB266806EF004F88A2 /* LoginInteractor.swift */,
			);
			path = Login;
			sourceTree = "<group>";
		};
		DDC31DBE266805C6004F88A2 /* Resources */ = {
			isa = PBXGroup;
			children = (
				DD3DD2EC2666864300BAC900 /* AppCoordinator.swift */,
				DD3DD2E42666847D00BAC900 /* Protocols */,
				DDC31D942667FD70004F88A2 /* VIPER */,
				DD3DD2FD2666910400BAC900 /* Extensions */,
				DDC31D8F2667FC84004F88A2 /* Utils */,
			);
			path = Resources;
			sourceTree = "<group>";
		};
		DDC31DD226680743004F88A2 /* Frameworks */ = {
			isa = PBXGroup;
			children = (
				DDC31DD326680743004F88A2 /* Model.framework */,
			);
			name = Frameworks;
			sourceTree = "<group>";
		};
/* End PBXGroup section */

/* Begin PBXHeadersBuildPhase section */
		DD3DD29E26667B9B00BAC900 /* Headers */ = {
			isa = PBXHeadersBuildPhase;
			buildActionMask = 2147483647;
			files = (
				DD3DD2A826667B9B00BAC900 /* Scenes.h in Headers */,
			);
			runOnlyForDeploymentPostprocessing = 0;
		};
/* End PBXHeadersBuildPhase section */

/* Begin PBXNativeTarget section */
		DD3DD2A226667B9B00BAC900 /* Scenes */ = {
			isa = PBXNativeTarget;
			buildConfigurationList = DD3DD2AB26667B9B00BAC900 /* Build configuration list for PBXNativeTarget "Scenes" */;
			buildPhases = (
				DD3DD29E26667B9B00BAC900 /* Headers */,
				DD3DD29F26667B9B00BAC900 /* Sources */,
				DD3DD2A026667B9B00BAC900 /* Frameworks */,
				DD3DD2A126667B9B00BAC900 /* Resources */,
				DDC31DD626680743004F88A2 /* Embed Frameworks */,
			);
			buildRules = (
			);
			dependencies = (
			);
			name = Scenes;
			packageProductDependencies = (
				DDC31DB5266803B8004F88A2 /* RxSwift */,
				DDC31DB7266803B8004F88A2 /* RxCocoa */,
			);
			productName = Scenes;
			productReference = DD3DD2A326667B9B00BAC900 /* Scenes.framework */;
			productType = "com.apple.product-type.framework";
		};
/* End PBXNativeTarget section */

/* Begin PBXProject section */
		DD3DD29A26667B9B00BAC900 /* Project object */ = {
			isa = PBXProject;
			attributes = {
				LastUpgradeCheck = 1240;
				TargetAttributes = {
					DD3DD2A226667B9B00BAC900 = {
						CreatedOnToolsVersion = 12.4;
						LastSwiftMigration = 1240;
					};
				};
			};
			buildConfigurationList = DD3DD29D26667B9B00BAC900 /* Build configuration list for PBXProject "Scenes" */;
			compatibilityVersion = "Xcode 9.3";
			developmentRegion = en;
			hasScannedForEncodings = 0;
			knownRegions = (
				en,
				Base,
			);
			mainGroup = DD3DD29926667B9B00BAC900;
			packageReferences = (
				DDC31DB4266803B8004F88A2 /* XCRemoteSwiftPackageReference "RxSwift" */,
			);
			productRefGroup = DD3DD2A426667B9B00BAC900 /* Products */;
			projectDirPath = "";
			projectRoot = "";
			targets = (
				DD3DD2A226667B9B00BAC900 /* Scenes */,
			);
		};
/* End PBXProject section */

/* Begin PBXResourcesBuildPhase section */
		DD3DD2A126667B9B00BAC900 /* Resources */ = {
			isa = PBXResourcesBuildPhase;
			buildActionMask = 2147483647;
			files = (
			);
			runOnlyForDeploymentPostprocessing = 0;
		};
/* End PBXResourcesBuildPhase section */

/* Begin PBXSourcesBuildPhase section */
		DD3DD29F26667B9B00BAC900 /* Sources */ = {
			isa = PBXSourcesBuildPhase;
			buildActionMask = 2147483647;
			files = (
				DD3DD303266691A000BAC900 /* URL.swift in Sources */,
				DD3DD2ED2666864300BAC900 /* AppCoordinator.swift in Sources */,
				DDC31DC9266806C7004F88A2 /* LoginPresenter.swift in Sources */,
				DDC31DAF26680138004F88A2 /* Metrics.swift in Sources */,
				DDC31D8D2667FBDF004F88A2 /* Dispatcher.swift in Sources */,
				DDC31D912667FC95004F88A2 /* LocalizedString.swift in Sources */,
				DDC31D962667FDB0004F88A2 /* PresenterProtocol.swift in Sources */,
				DDC31D992667FDD5004F88A2 /* InteractorProtocol.swift in Sources */,
				DDC31DCC266806EF004F88A2 /* LoginInteractor.swift in Sources */,
				DDC31D9D2667FE73004F88A2 /* ViewProtocol.swift in Sources */,
				DD3DD2E6266684B700BAC900 /* Coordinator.swift in Sources */,
				DD3DD2E2266683F100BAC900 /* Drawable.swift in Sources */,
				DDC31DC526680651004F88A2 /* LoginView.swift in Sources */,
				DDC31DC0266805DB004F88A2 /* LoginViewController.swift in Sources */,
				DD3DD2FF2666911E00BAC900 /* UIView+Constraints.swift in Sources */,
			);
			runOnlyForDeploymentPostprocessing = 0;
		};
/* End PBXSourcesBuildPhase section */

/* Begin XCBuildConfiguration section */
		DD3DD2A926667B9B00BAC900 /* Debug */ = {
			isa = XCBuildConfiguration;
			buildSettings = {
				ALWAYS_SEARCH_USER_PATHS = NO;
				CLANG_ANALYZER_NONNULL = YES;
				CLANG_ANALYZER_NUMBER_OBJECT_CONVERSION = YES_AGGRESSIVE;
				CLANG_CXX_LANGUAGE_STANDARD = "gnu++14";
				CLANG_CXX_LIBRARY = "libc++";
				CLANG_ENABLE_MODULES = YES;
				CLANG_ENABLE_OBJC_ARC = YES;
				CLANG_ENABLE_OBJC_WEAK = YES;
				CLANG_WARN_BLOCK_CAPTURE_AUTORELEASING = YES;
				CLANG_WARN_BOOL_CONVERSION = YES;
				CLANG_WARN_COMMA = YES;
				CLANG_WARN_CONSTANT_CONVERSION = YES;
				CLANG_WARN_DEPRECATED_OBJC_IMPLEMENTATIONS = YES;
				CLANG_WARN_DIRECT_OBJC_ISA_USAGE = YES_ERROR;
				CLANG_WARN_DOCUMENTATION_COMMENTS = YES;
				CLANG_WARN_EMPTY_BODY = YES;
				CLANG_WARN_ENUM_CONVERSION = YES;
				CLANG_WARN_INFINITE_RECURSION = YES;
				CLANG_WARN_INT_CONVERSION = YES;
				CLANG_WARN_NON_LITERAL_NULL_CONVERSION = YES;
				CLANG_WARN_OBJC_IMPLICIT_RETAIN_SELF = YES;
				CLANG_WARN_OBJC_LITERAL_CONVERSION = YES;
				CLANG_WARN_OBJC_ROOT_CLASS = YES_ERROR;
				CLANG_WARN_QUOTED_INCLUDE_IN_FRAMEWORK_HEADER = YES;
				CLANG_WARN_RANGE_LOOP_ANALYSIS = YES;
				CLANG_WARN_STRICT_PROTOTYPES = YES;
				CLANG_WARN_SUSPICIOUS_MOVE = YES;
				CLANG_WARN_UNGUARDED_AVAILABILITY = YES_AGGRESSIVE;
				CLANG_WARN_UNREACHABLE_CODE = YES;
				CLANG_WARN__DUPLICATE_METHOD_MATCH = YES;
				COPY_PHASE_STRIP = NO;
				CURRENT_PROJECT_VERSION = 1;
				DEBUG_INFORMATION_FORMAT = dwarf;
				ENABLE_STRICT_OBJC_MSGSEND = YES;
				ENABLE_TESTABILITY = YES;
				GCC_C_LANGUAGE_STANDARD = gnu11;
				GCC_DYNAMIC_NO_PIC = NO;
				GCC_NO_COMMON_BLOCKS = YES;
				GCC_OPTIMIZATION_LEVEL = 0;
				GCC_PREPROCESSOR_DEFINITIONS = (
					"DEBUG=1",
					"$(inherited)",
				);
				GCC_WARN_64_TO_32_BIT_CONVERSION = YES;
				GCC_WARN_ABOUT_RETURN_TYPE = YES_ERROR;
				GCC_WARN_UNDECLARED_SELECTOR = YES;
				GCC_WARN_UNINITIALIZED_AUTOS = YES_AGGRESSIVE;
				GCC_WARN_UNUSED_FUNCTION = YES;
				GCC_WARN_UNUSED_VARIABLE = YES;
				IPHONEOS_DEPLOYMENT_TARGET = 14.4;
				MTL_ENABLE_DEBUG_INFO = INCLUDE_SOURCE;
				MTL_FAST_MATH = YES;
				ONLY_ACTIVE_ARCH = YES;
				SDKROOT = iphoneos;
				SWIFT_ACTIVE_COMPILATION_CONDITIONS = DEBUG;
				SWIFT_OPTIMIZATION_LEVEL = "-Onone";
				VERSIONING_SYSTEM = "apple-generic";
				VERSION_INFO_PREFIX = "";
			};
			name = Debug;
		};
		DD3DD2AA26667B9B00BAC900 /* Release */ = {
			isa = XCBuildConfiguration;
			buildSettings = {
				ALWAYS_SEARCH_USER_PATHS = NO;
				CLANG_ANALYZER_NONNULL = YES;
				CLANG_ANALYZER_NUMBER_OBJECT_CONVERSION = YES_AGGRESSIVE;
				CLANG_CXX_LANGUAGE_STANDARD = "gnu++14";
				CLANG_CXX_LIBRARY = "libc++";
				CLANG_ENABLE_MODULES = YES;
				CLANG_ENABLE_OBJC_ARC = YES;
				CLANG_ENABLE_OBJC_WEAK = YES;
				CLANG_WARN_BLOCK_CAPTURE_AUTORELEASING = YES;
				CLANG_WARN_BOOL_CONVERSION = YES;
				CLANG_WARN_COMMA = YES;
				CLANG_WARN_CONSTANT_CONVERSION = YES;
				CLANG_WARN_DEPRECATED_OBJC_IMPLEMENTATIONS = YES;
				CLANG_WARN_DIRECT_OBJC_ISA_USAGE = YES_ERROR;
				CLANG_WARN_DOCUMENTATION_COMMENTS = YES;
				CLANG_WARN_EMPTY_BODY = YES;
				CLANG_WARN_ENUM_CONVERSION = YES;
				CLANG_WARN_INFINITE_RECURSION = YES;
				CLANG_WARN_INT_CONVERSION = YES;
				CLANG_WARN_NON_LITERAL_NULL_CONVERSION = YES;
				CLANG_WARN_OBJC_IMPLICIT_RETAIN_SELF = YES;
				CLANG_WARN_OBJC_LITERAL_CONVERSION = YES;
				CLANG_WARN_OBJC_ROOT_CLASS = YES_ERROR;
				CLANG_WARN_QUOTED_INCLUDE_IN_FRAMEWORK_HEADER = YES;
				CLANG_WARN_RANGE_LOOP_ANALYSIS = YES;
				CLANG_WARN_STRICT_PROTOTYPES = YES;
				CLANG_WARN_SUSPICIOUS_MOVE = YES;
				CLANG_WARN_UNGUARDED_AVAILABILITY = YES_AGGRESSIVE;
				CLANG_WARN_UNREACHABLE_CODE = YES;
				CLANG_WARN__DUPLICATE_METHOD_MATCH = YES;
				COPY_PHASE_STRIP = NO;
				CURRENT_PROJECT_VERSION = 1;
				DEBUG_INFORMATION_FORMAT = "dwarf-with-dsym";
				ENABLE_NS_ASSERTIONS = NO;
				ENABLE_STRICT_OBJC_MSGSEND = YES;
				GCC_C_LANGUAGE_STANDARD = gnu11;
				GCC_NO_COMMON_BLOCKS = YES;
				GCC_WARN_64_TO_32_BIT_CONVERSION = YES;
				GCC_WARN_ABOUT_RETURN_TYPE = YES_ERROR;
				GCC_WARN_UNDECLARED_SELECTOR = YES;
				GCC_WARN_UNINITIALIZED_AUTOS = YES_AGGRESSIVE;
				GCC_WARN_UNUSED_FUNCTION = YES;
				GCC_WARN_UNUSED_VARIABLE = YES;
				IPHONEOS_DEPLOYMENT_TARGET = 14.4;
				MTL_ENABLE_DEBUG_INFO = NO;
				MTL_FAST_MATH = YES;
				SDKROOT = iphoneos;
				SWIFT_COMPILATION_MODE = wholemodule;
				SWIFT_OPTIMIZATION_LEVEL = "-O";
				VALIDATE_PRODUCT = YES;
				VERSIONING_SYSTEM = "apple-generic";
				VERSION_INFO_PREFIX = "";
			};
			name = Release;
		};
		DD3DD2AC26667B9B00BAC900 /* Debug */ = {
			isa = XCBuildConfiguration;
			buildSettings = {
				CLANG_ENABLE_MODULES = YES;
				CODE_SIGN_STYLE = Automatic;
				DEFINES_MODULE = YES;
				DEVELOPMENT_TEAM = 7YWK9C69PH;
				DYLIB_COMPATIBILITY_VERSION = 1;
				DYLIB_CURRENT_VERSION = 1;
				DYLIB_INSTALL_NAME_BASE = "@rpath";
				INFOPLIST_FILE = Scenes/Metadata/Info.plist;
				INSTALL_PATH = "$(LOCAL_LIBRARY_DIR)/Frameworks";
				LD_RUNPATH_SEARCH_PATHS = (
					"$(inherited)",
					"@executable_path/Frameworks",
					"@loader_path/Frameworks",
				);
				PRODUCT_BUNDLE_IDENTIFIER = dalostoproductions.Scenes;
				PRODUCT_NAME = "$(TARGET_NAME:c99extidentifier)";
				SKIP_INSTALL = YES;
				SWIFT_OPTIMIZATION_LEVEL = "-Onone";
				SWIFT_VERSION = 5.0;
				TARGETED_DEVICE_FAMILY = "1,2";
			};
			name = Debug;
		};
		DD3DD2AD26667B9B00BAC900 /* Release */ = {
			isa = XCBuildConfiguration;
			buildSettings = {
				CLANG_ENABLE_MODULES = YES;
				CODE_SIGN_STYLE = Automatic;
				DEFINES_MODULE = YES;
				DEVELOPMENT_TEAM = 7YWK9C69PH;
				DYLIB_COMPATIBILITY_VERSION = 1;
				DYLIB_CURRENT_VERSION = 1;
				DYLIB_INSTALL_NAME_BASE = "@rpath";
				INFOPLIST_FILE = Scenes/Metadata/Info.plist;
				INSTALL_PATH = "$(LOCAL_LIBRARY_DIR)/Frameworks";
				LD_RUNPATH_SEARCH_PATHS = (
					"$(inherited)",
					"@executable_path/Frameworks",
					"@loader_path/Frameworks",
				);
				PRODUCT_BUNDLE_IDENTIFIER = dalostoproductions.Scenes;
				PRODUCT_NAME = "$(TARGET_NAME:c99extidentifier)";
				SKIP_INSTALL = YES;
				SWIFT_VERSION = 5.0;
				TARGETED_DEVICE_FAMILY = "1,2";
			};
			name = Release;
		};
/* End XCBuildConfiguration section */

/* Begin XCConfigurationList section */
		DD3DD29D26667B9B00BAC900 /* Build configuration list for PBXProject "Scenes" */ = {
			isa = XCConfigurationList;
			buildConfigurations = (
				DD3DD2A926667B9B00BAC900 /* Debug */,
				DD3DD2AA26667B9B00BAC900 /* Release */,
			);
			defaultConfigurationIsVisible = 0;
			defaultConfigurationName = Release;
		};
		DD3DD2AB26667B9B00BAC900 /* Build configuration list for PBXNativeTarget "Scenes" */ = {
			isa = XCConfigurationList;
			buildConfigurations = (
				DD3DD2AC26667B9B00BAC900 /* Debug */,
				DD3DD2AD26667B9B00BAC900 /* Release */,
			);
			defaultConfigurationIsVisible = 0;
			defaultConfigurationName = Release;
		};
/* End XCConfigurationList section */

/* Begin XCRemoteSwiftPackageReference section */
		DDC31DB4266803B8004F88A2 /* XCRemoteSwiftPackageReference "RxSwift" */ = {
			isa = XCRemoteSwiftPackageReference;
			repositoryURL = "https://github.com/ReactiveX/RxSwift.git";
			requirement = {
				kind = upToNextMajorVersion;
				minimumVersion = 6.2.0;
			};
		};
/* End XCRemoteSwiftPackageReference section */

/* Begin XCSwiftPackageProductDependency section */
		DDC31DB5266803B8004F88A2 /* RxSwift */ = {
			isa = XCSwiftPackageProductDependency;
			package = DDC31DB4266803B8004F88A2 /* XCRemoteSwiftPackageReference "RxSwift" */;
			productName = RxSwift;
		};
		DDC31DB7266803B8004F88A2 /* RxCocoa */ = {
			isa = XCSwiftPackageProductDependency;
			package = DDC31DB4266803B8004F88A2 /* XCRemoteSwiftPackageReference "RxSwift" */;
			productName = RxCocoa;
		};
/* End XCSwiftPackageProductDependency section */
	};
	rootObject = DD3DD29A26667B9B00BAC900 /* Project object */;
}
